
Microsoft Visual Studio Solution File, Format Version 12.00
# Visual Studio Version 17
VisualStudioVersion = 17.6.33815.320
MinimumVisualStudioVersion = 10.0.40219.1
Project("{9A19103F-16F7-4668-BE54-9A1E7A4F7556}") = "Evgreg.TypeId", "TypeId\Evgreg.TypeId.csproj", "{E0D39D35-FAF6-47BA-BB89-83A48209A1A3}"
EndProject
Project("{9A19103F-16F7-4668-BE54-9A1E7A4F7556}") = "TypeIdTests", "TypeIdTests\TypeIdTests.csproj", "{6F27A5E8-F579-400F-8129-0056044A11B6}"
EndProject
Global
	GlobalSection(SolutionConfigurationPlatforms) = preSolution
		Debug|Any CPU = Debug|Any CPU
		Release|Any CPU = Release|Any CPU
	EndGlobalSection
	GlobalSection(ProjectConfigurationPlatforms) = postSolution
		{E0D39D35-FAF6-47BA-BB89-83A48209A1A3}.Debug|Any CPU.ActiveCfg = Debug|Any CPU
		{E0D39D35-FAF6-47BA-BB89-83A48209A1A3}.Debug|Any CPU.Build.0 = Debug|Any CPU
		{E0D39D35-FAF6-47BA-BB89-83A48209A1A3}.Release|Any CPU.ActiveCfg = Release|Any CPU
		{E0D39D35-FAF6-47BA-BB89-83A48209A1A3}.Release|Any CPU.Build.0 = Release|Any CPU
		{6F27A5E8-F579-400F-8129-0056044A11B6}.Debug|Any CPU.ActiveCfg = Debug|Any CPU
		{6F27A5E8-F579-400F-8129-0056044A11B6}.Debug|Any CPU.Build.0 = Debug|Any CPU
		{6F27A5E8-F579-400F-8129-0056044A11B6}.Release|Any CPU.ActiveCfg = Release|Any CPU
		{6F27A5E8-F579-400F-8129-0056044A11B6}.Release|Any CPU.Build.0 = Release|Any CPU
	EndGlobalSection
	GlobalSection(SolutionProperties) = preSolution
		HideSolutionNode = FALSE
	EndGlobalSection
	GlobalSection(ExtensibilityGlobals) = postSolution
		SolutionGuid = {F4F43FD5-041E-4351-9C0A-DDDD12FEFC60}
	EndGlobalSection
EndGlobal
